
Microsoft Visual Studio Solution File, Format Version 12.00
# Visual Studio Version 17
VisualStudioVersion = 17.11.35327.3
MinimumVisualStudioVersion = 10.0.40219.1
Project("{FAE04EC0-301F-11D3-BF4B-00C04F79EFBC}") = "APBD_TASK_3", "APBD_TASK_3.csproj", "{BB036243-30AB-46DC-B2D6-5C753D6F8A70}"
EndProject
Global
	GlobalSection(SolutionConfigurationPlatforms) = preSolution
		Debug|Any CPU = Debug|Any CPU
		Release|Any CPU = Release|Any CPU
	EndGlobalSection
	GlobalSection(ProjectConfigurationPlatforms) = postSolution
		{BB036243-30AB-46DC-B2D6-5C753D6F8A70}.Debug|Any CPU.ActiveCfg = Debug|Any CPU
		{BB036243-30AB-46DC-B2D6-5C753D6F8A70}.Debug|Any CPU.Build.0 = Debug|Any CPU
		{BB036243-30AB-46DC-B2D6-5C753D6F8A70}.Release|Any CPU.ActiveCfg = Release|Any CPU
		{BB036243-30AB-46DC-B2D6-5C753D6F8A70}.Release|Any CPU.Build.0 = Release|Any CPU
	EndGlobalSection
	GlobalSection(SolutionProperties) = preSolution
		HideSolutionNode = FALSE
	EndGlobalSection
	GlobalSection(ExtensibilityGlobals) = postSolution
		SolutionGuid = {E71942D1-F8BC-4104-AFAA-610AAE9E544F}
	EndGlobalSection
EndGlobal
